// !$*UTF8*$!
{
	archiveVersion = 1;
	classes = {
	};
	objectVersion = 50;
	objects = {

/* Begin PBXBuildFile section */
		CF480DF721C4B198004E8EBF /* main.cpp in Sources */ = {isa = PBXBuildFile; fileRef = CF480DF621C4B198004E8EBF /* main.cpp */; };
		CF480E0221C63B82004E8EBF /* main.cpp in Sources */ = {isa = PBXBuildFile; fileRef = CF480E0121C63B82004E8EBF /* main.cpp */; };
		CF91C38521B295F800FDB98B /* main.cpp in Sources */ = {isa = PBXBuildFile; fileRef = CF91C38421B295F800FDB98B /* main.cpp */; };
		CF91C39221B29B6400FDB98B /* main.cpp in Sources */ = {isa = PBXBuildFile; fileRef = CF91C39121B29B6400FDB98B /* main.cpp */; };
/* End PBXBuildFile section */

/* Begin PBXCopyFilesBuildPhase section */
		CF480DF221C4B198004E8EBF /* CopyFiles */ = {
			isa = PBXCopyFilesBuildPhase;
			buildActionMask = 2147483647;
			dstPath = /usr/share/man/man1/;
			dstSubfolderSpec = 0;
			files = (
			);
			runOnlyForDeploymentPostprocessing = 1;
		};
		CF480DFD21C63B82004E8EBF /* CopyFiles */ = {
			isa = PBXCopyFilesBuildPhase;
			buildActionMask = 2147483647;
			dstPath = /usr/share/man/man1/;
			dstSubfolderSpec = 0;
			files = (
			);
			runOnlyForDeploymentPostprocessing = 1;
		};
		CF91C37F21B295F800FDB98B /* CopyFiles */ = {
			isa = PBXCopyFilesBuildPhase;
			buildActionMask = 2147483647;
			dstPath = /usr/share/man/man1/;
			dstSubfolderSpec = 0;
			files = (
			);
			runOnlyForDeploymentPostprocessing = 1;
		};
		CF91C38D21B29B6300FDB98B /* CopyFiles */ = {
			isa = PBXCopyFilesBuildPhase;
			buildActionMask = 2147483647;
			dstPath = /usr/share/man/man1/;
			dstSubfolderSpec = 0;
			files = (
			);
			runOnlyForDeploymentPostprocessing = 1;
		};
/* End PBXCopyFilesBuildPhase section */

/* Begin PBXFileReference section */
		CF480DF421C4B198004E8EBF /* ac-3 */ = {isa = PBXFileReference; explicitFileType = "compiled.mach-o.executable"; includeInIndex = 0; path = "ac-3"; sourceTree = BUILT_PRODUCTS_DIR; };
		CF480DF621C4B198004E8EBF /* main.cpp */ = {isa = PBXFileReference; lastKnownFileType = sourcecode.cpp.cpp; path = main.cpp; sourceTree = "<group>"; };
		CF480DFF21C63B82004E8EBF /* ac-4 */ = {isa = PBXFileReference; explicitFileType = "compiled.mach-o.executable"; includeInIndex = 0; path = "ac-4"; sourceTree = BUILT_PRODUCTS_DIR; };
		CF480E0121C63B82004E8EBF /* main.cpp */ = {isa = PBXFileReference; lastKnownFileType = sourcecode.cpp.cpp; path = main.cpp; sourceTree = "<group>"; };
		CF91C38121B295F800FDB98B /* ac-whuoj */ = {isa = PBXFileReference; explicitFileType = "compiled.mach-o.executable"; includeInIndex = 0; path = "ac-whuoj"; sourceTree = BUILT_PRODUCTS_DIR; };
		CF91C38421B295F800FDB98B /* main.cpp */ = {isa = PBXFileReference; lastKnownFileType = sourcecode.cpp.cpp; path = main.cpp; sourceTree = "<group>"; };
		CF91C38F21B29B6300FDB98B /* ac-2 */ = {isa = PBXFileReference; explicitFileType = "compiled.mach-o.executable"; includeInIndex = 0; path = "ac-2"; sourceTree = BUILT_PRODUCTS_DIR; };
		CF91C39121B29B6400FDB98B /* main.cpp */ = {isa = PBXFileReference; lastKnownFileType = sourcecode.cpp.cpp; path = main.cpp; sourceTree = "<group>"; };
/* End PBXFileReference section */

/* Begin PBXFrameworksBuildPhase section */
		CF480DF121C4B198004E8EBF /* Frameworks */ = {
			isa = PBXFrameworksBuildPhase;
			buildActionMask = 2147483647;
			files = (
			);
			runOnlyForDeploymentPostprocessing = 0;
		};
		CF480DFC21C63B82004E8EBF /* Frameworks */ = {
			isa = PBXFrameworksBuildPhase;
			buildActionMask = 2147483647;
			files = (
			);
			runOnlyForDeploymentPostprocessing = 0;
		};
		CF91C37E21B295F800FDB98B /* Frameworks */ = {
			isa = PBXFrameworksBuildPhase;
			buildActionMask = 2147483647;
			files = (
			);
			runOnlyForDeploymentPostprocessing = 0;
		};
		CF91C38C21B29B6300FDB98B /* Frameworks */ = {
			isa = PBXFrameworksBuildPhase;
			buildActionMask = 2147483647;
			files = (
			);
			runOnlyForDeploymentPostprocessing = 0;
		};
/* End PBXFrameworksBuildPhase section */

/* Begin PBXGroup section */
		CF480DF521C4B198004E8EBF /* ac-3 */ = {
			isa = PBXGroup;
			children = (
				CF480DF621C4B198004E8EBF /* main.cpp */,
			);
			path = "ac-3";
			sourceTree = "<group>";
		};
		CF480E0021C63B82004E8EBF /* ac-4 */ = {
			isa = PBXGroup;
			children = (
				CF480E0121C63B82004E8EBF /* main.cpp */,
			);
			path = "ac-4";
			sourceTree = "<group>";
		};
		CF91C37821B295F800FDB98B = {
			isa = PBXGroup;
			children = (
				CF91C38321B295F800FDB98B /* ac-1 */,
				CF91C39021B29B6400FDB98B /* ac-2 */,
				CF480DF521C4B198004E8EBF /* ac-3 */,
				CF480E0021C63B82004E8EBF /* ac-4 */,
				CF91C38221B295F800FDB98B /* Products */,
			);
			sourceTree = "<group>";
		};
		CF91C38221B295F800FDB98B /* Products */ = {
			isa = PBXGroup;
			children = (
				CF91C38121B295F800FDB98B /* ac-whuoj */,
				CF91C38F21B29B6300FDB98B /* ac-2 */,
				CF480DF421C4B198004E8EBF /* ac-3 */,
				CF480DFF21C63B82004E8EBF /* ac-4 */,
			);
			name = Products;
			sourceTree = "<group>";
		};
		CF91C38321B295F800FDB98B /* ac-1 */ = {
			isa = PBXGroup;
			children = (
				CF91C38421B295F800FDB98B /* main.cpp */,
			);
			path = "ac-1";
			sourceTree = "<group>";
		};
		CF91C39021B29B6400FDB98B /* ac-2 */ = {
			isa = PBXGroup;
			children = (
				CF91C39121B29B6400FDB98B /* main.cpp */,
			);
			path = "ac-2";
			sourceTree = "<group>";
		};
/* End PBXGroup section */

/* Begin PBXNativeTarget section */
		CF480DF321C4B198004E8EBF /* ac-3 */ = {
			isa = PBXNativeTarget;
			buildConfigurationList = CF480DFA21C4B198004E8EBF /* Build configuration list for PBXNativeTarget "ac-3" */;
			buildPhases = (
				CF480DF021C4B198004E8EBF /* Sources */,
				CF480DF121C4B198004E8EBF /* Frameworks */,
				CF480DF221C4B198004E8EBF /* CopyFiles */,
			);
			buildRules = (
			);
			dependencies = (
			);
			name = "ac-3";
			productName = "ac-3";
			productReference = CF480DF421C4B198004E8EBF /* ac-3 */;
			productType = "com.apple.product-type.tool";
		};
		CF480DFE21C63B82004E8EBF /* ac-4 */ = {
			isa = PBXNativeTarget;
			buildConfigurationList = CF480E0521C63B82004E8EBF /* Build configuration list for PBXNativeTarget "ac-4" */;
			buildPhases = (
				CF480DFB21C63B82004E8EBF /* Sources */,
				CF480DFC21C63B82004E8EBF /* Frameworks */,
				CF480DFD21C63B82004E8EBF /* CopyFiles */,
			);
			buildRules = (
			);
			dependencies = (
			);
			name = "ac-4";
			productName = "ac-4";
			productReference = CF480DFF21C63B82004E8EBF /* ac-4 */;
			productType = "com.apple.product-type.tool";
		};
		CF91C38021B295F800FDB98B /* ac-whuoj */ = {
			isa = PBXNativeTarget;
			buildConfigurationList = CF91C38821B295F800FDB98B /* Build configuration list for PBXNativeTarget "ac-whuoj" */;
			buildPhases = (
				CF91C37D21B295F800FDB98B /* Sources */,
				CF91C37E21B295F800FDB98B /* Frameworks */,
				CF91C37F21B295F800FDB98B /* CopyFiles */,
			);
			buildRules = (
			);
			dependencies = (
			);
			name = "ac-whuoj";
			productName = "ac-whuoj";
			productReference = CF91C38121B295F800FDB98B /* ac-whuoj */;
			productType = "com.apple.product-type.tool";
		};
		CF91C38E21B29B6300FDB98B /* ac-2 */ = {
			isa = PBXNativeTarget;
			buildConfigurationList = CF91C39321B29B6400FDB98B /* Build configuration list for PBXNativeTarget "ac-2" */;
			buildPhases = (
				CF91C38B21B29B6300FDB98B /* Sources */,
				CF91C38C21B29B6300FDB98B /* Frameworks */,
				CF91C38D21B29B6300FDB98B /* CopyFiles */,
			);
			buildRules = (
			);
			dependencies = (
			);
			name = "ac-2";
			productName = "ac-2";
			productReference = CF91C38F21B29B6300FDB98B /* ac-2 */;
			productType = "com.apple.product-type.tool";
		};
/* End PBXNativeTarget section */

/* Begin PBXProject section */
		CF91C37921B295F800FDB98B /* Project object */ = {
			isa = PBXProject;
			attributes = {
				LastUpgradeCheck = 1010;
				ORGANIZATIONNAME = "角马";
				TargetAttributes = {
					CF480DF321C4B198004E8EBF = {
						CreatedOnToolsVersion = 10.1;
					};
					CF480DFE21C63B82004E8EBF = {
						CreatedOnToolsVersion = 10.1;
					};
					CF91C38021B295F800FDB98B = {
						CreatedOnToolsVersion = 10.1;
					};
					CF91C38E21B29B6300FDB98B = {
						CreatedOnToolsVersion = 10.1;
					};
				};
			};
			buildConfigurationList = CF91C37C21B295F800FDB98B /* Build configuration list for PBXProject "ac-whuoj" */;
			compatibilityVersion = "Xcode 9.3";
			developmentRegion = en;
			hasScannedForEncodings = 0;
			knownRegions = (
				en,
			);
			mainGroup = CF91C37821B295F800FDB98B;
			productRefGroup = CF91C38221B295F800FDB98B /* Products */;
			projectDirPath = "";
			projectRoot = "";
			targets = (
				CF91C38021B295F800FDB98B /* ac-whuoj */,
				CF91C38E21B29B6300FDB98B /* ac-2 */,
				CF480DF321C4B198004E8EBF /* ac-3 */,
				CF480DFE21C63B82004E8EBF /* ac-4 */,
			);
		};
/* End PBXProject section */

/* Begin PBXSourcesBuildPhase section */
		CF480DF021C4B198004E8EBF /* Sources */ = {
			isa = PBXSourcesBuildPhase;
			buildActionMask = 2147483647;
			files = (
				CF480DF721C4B198004E8EBF /* main.cpp in Sources */,
			);
			runOnlyForDeploymentPostprocessing = 0;
		};
		CF480DFB21C63B82004E8EBF /* Sources */ = {
			isa = PBXSourcesBuildPhase;
			buildActionMask = 2147483647;
			files = (
				CF480E0221C63B82004E8EBF /* main.cpp in Sources */,
			);
			runOnlyForDeploymentPostprocessing = 0;
		};
		CF91C37D21B295F800FDB98B /* Sources */ = {
			isa = PBXSourcesBuildPhase;
			buildActionMask = 2147483647;
			files = (
				CF91C38521B295F800FDB98B /* main.cpp in Sources */,
			);
			runOnlyForDeploymentPostprocessing = 0;
		};
		CF91C38B21B29B6300FDB98B /* Sources */ = {
			isa = PBXSourcesBuildPhase;
			buildActionMask = 2147483647;
			files = (
				CF91C39221B29B6400FDB98B /* main.cpp in Sources */,
			);
			runOnlyForDeploymentPostprocessing = 0;
		};
/* End PBXSourcesBuildPhase section */

/* Begin XCBuildConfiguration section */
		CF480DF821C4B198004E8EBF /* Debug */ = {
			isa = XCBuildConfiguration;
			buildSettings = {
				CODE_SIGN_STYLE = Automatic;
				PRODUCT_NAME = "$(TARGET_NAME)";
			};
			name = Debug;
		};
		CF480DF921C4B198004E8EBF /* Release */ = {
			isa = XCBuildConfiguration;
			buildSettings = {
				CODE_SIGN_STYLE = Automatic;
				PRODUCT_NAME = "$(TARGET_NAME)";
			};
			name = Release;
		};
		CF480E0321C63B82004E8EBF /* Debug */ = {
			isa = XCBuildConfiguration;
			buildSettings = {
				CODE_SIGN_STYLE = Automatic;
				PRODUCT_NAME = "$(TARGET_NAME)";
			};
			name = Debug;
		};
		CF480E0421C63B82004E8EBF /* Release */ = {
			isa = XCBuildConfiguration;
			buildSettings = {
				CODE_SIGN_STYLE = Automatic;
				PRODUCT_NAME = "$(TARGET_NAME)";
			};
			name = Release;
		};
		CF91C38621B295F800FDB98B /* Debug */ = {
			isa = XCBuildConfiguration;
			buildSettings = {
				ALWAYS_SEARCH_USER_PATHS = NO;
				CLANG_ANALYZER_NONNULL = YES;
				CLANG_ANALYZER_NUMBER_OBJECT_CONVERSION = YES_AGGRESSIVE;
				CLANG_CXX_LANGUAGE_STANDARD = "gnu++14";
				CLANG_CXX_LIBRARY = "libc++";
				CLANG_ENABLE_MODULES = YES;
				CLANG_ENABLE_OBJC_ARC = YES;
				CLANG_ENABLE_OBJC_WEAK = YES;
				CLANG_WARN_BLOCK_CAPTURE_AUTORELEASING = YES;
				CLANG_WARN_BOOL_CONVERSION = YES;
				CLANG_WARN_COMMA = YES;
				CLANG_WARN_CONSTANT_CONVERSION = YES;
				CLANG_WARN_DEPRECATED_OBJC_IMPLEMENTATIONS = YES;
				CLANG_WARN_DIRECT_OBJC_ISA_USAGE = YES_ERROR;
				CLANG_WARN_DOCUMENTATION_COMMENTS = YES;
				CLANG_WARN_EMPTY_BODY = YES;
				CLANG_WARN_ENUM_CONVERSION = YES;
				CLANG_WARN_INFINITE_RECURSION = YES;
				CLANG_WARN_INT_CONVERSION = YES;
				CLANG_WARN_NON_LITERAL_NULL_CONVERSION = YES;
				CLANG_WARN_OBJC_IMPLICIT_RETAIN_SELF = YES;
				CLANG_WARN_OBJC_LITERAL_CONVERSION = YES;
				CLANG_WARN_OBJC_ROOT_CLASS = YES_ERROR;
				CLANG_WARN_RANGE_LOOP_ANALYSIS = YES;
				CLANG_WARN_STRICT_PROTOTYPES = YES;
				CLANG_WARN_SUSPICIOUS_MOVE = YES;
				CLANG_WARN_UNGUARDED_AVAILABILITY = YES_AGGRESSIVE;
				CLANG_WARN_UNREACHABLE_CODE = YES;
				CLANG_WARN__DUPLICATE_METHOD_MATCH = YES;
				CODE_SIGN_IDENTITY = "-";
				COPY_PHASE_STRIP = NO;
				DEBUG_INFORMATION_FORMAT = dwarf;
				ENABLE_STRICT_OBJC_MSGSEND = YES;
				ENABLE_TESTABILITY = YES;
				GCC_C_LANGUAGE_STANDARD = gnu11;
				GCC_DYNAMIC_NO_PIC = NO;
				GCC_NO_COMMON_BLOCKS = YES;
				GCC_OPTIMIZATION_LEVEL = 0;
				GCC_PREPROCESSOR_DEFINITIONS = (
					"DEBUG=1",
					"$(inherited)",
				);
				GCC_WARN_64_TO_32_BIT_CONVERSION = YES;
				GCC_WARN_ABOUT_RETURN_TYPE = YES_ERROR;
				GCC_WARN_UNDECLARED_SELECTOR = YES;
				GCC_WARN_UNINITIALIZED_AUTOS = YES_AGGRESSIVE;
				GCC_WARN_UNUSED_FUNCTION = YES;
				GCC_WARN_UNUSED_VARIABLE = YES;
				MACOSX_DEPLOYMENT_TARGET = 10.14;
				MTL_ENABLE_DEBUG_INFO = INCLUDE_SOURCE;
				MTL_FAST_MATH = YES;
				ONLY_ACTIVE_ARCH = YES;
				SDKROOT = macosx;
			};
			name = Debug;
		};
		CF91C38721B295F800FDB98B /* Release */ = {
			isa = XCBuildConfiguration;
			buildSettings = {
				ALWAYS_SEARCH_USER_PATHS = NO;
				CLANG_ANALYZER_NONNULL = YES;
				CLANG_ANALYZER_NUMBER_OBJECT_CONVERSION = YES_AGGRESSIVE;
				CLANG_CXX_LANGUAGE_STANDARD = "gnu++14";
				CLANG_CXX_LIBRARY = "libc++";
				CLANG_ENABLE_MODULES = YES;
				CLANG_ENABLE_OBJC_ARC = YES;
				CLANG_ENABLE_OBJC_WEAK = YES;
				CLANG_WARN_BLOCK_CAPTURE_AUTORELEASING = YES;
				CLANG_WARN_BOOL_CONVERSION = YES;
				CLANG_WARN_COMMA = YES;
				CLANG_WARN_CONSTANT_CONVERSION = YES;
				CLANG_WARN_DEPRECATED_OBJC_IMPLEMENTATIONS = YES;
				CLANG_WARN_DIRECT_OBJC_ISA_USAGE = YES_ERROR;
				CLANG_WARN_DOCUMENTATION_COMMENTS = YES;
				CLANG_WARN_EMPTY_BODY = YES;
				CLANG_WARN_ENUM_CONVERSION = YES;
				CLANG_WARN_INFINITE_RECURSION = YES;
				CLANG_WARN_INT_CONVERSION = YES;
				CLANG_WARN_NON_LITERAL_NULL_CONVERSION = YES;
				CLANG_WARN_OBJC_IMPLICIT_RETAIN_SELF = YES;
				CLANG_WARN_OBJC_LITERAL_CONVERSION = YES;
				CLANG_WARN_OBJC_ROOT_CLASS = YES_ERROR;
				CLANG_WARN_RANGE_LOOP_ANALYSIS = YES;
				CLANG_WARN_STRICT_PROTOTYPES = YES;
				CLANG_WARN_SUSPICIOUS_MOVE = YES;
				CLANG_WARN_UNGUARDED_AVAILABILITY = YES_AGGRESSIVE;
				CLANG_WARN_UNREACHABLE_CODE = YES;
				CLANG_WARN__DUPLICATE_METHOD_MATCH = YES;
				CODE_SIGN_IDENTITY = "-";
				COPY_PHASE_STRIP = NO;
				DEBUG_INFORMATION_FORMAT = "dwarf-with-dsym";
				ENABLE_NS_ASSERTIONS = NO;
				ENABLE_STRICT_OBJC_MSGSEND = YES;
				GCC_C_LANGUAGE_STANDARD = gnu11;
				GCC_NO_COMMON_BLOCKS = YES;
				GCC_WARN_64_TO_32_BIT_CONVERSION = YES;
				GCC_WARN_ABOUT_RETURN_TYPE = YES_ERROR;
				GCC_WARN_UNDECLARED_SELECTOR = YES;
				GCC_WARN_UNINITIALIZED_AUTOS = YES_AGGRESSIVE;
				GCC_WARN_UNUSED_FUNCTION = YES;
				GCC_WARN_UNUSED_VARIABLE = YES;
				MACOSX_DEPLOYMENT_TARGET = 10.14;
				MTL_ENABLE_DEBUG_INFO = NO;
				MTL_FAST_MATH = YES;
				SDKROOT = macosx;
			};
			name = Release;
		};
		CF91C38921B295F800FDB98B /* Debug */ = {
			isa = XCBuildConfiguration;
			buildSettings = {
				CODE_SIGN_STYLE = Automatic;
				PRODUCT_NAME = "$(TARGET_NAME)";
			};
			name = Debug;
		};
		CF91C38A21B295F800FDB98B /* Release */ = {
			isa = XCBuildConfiguration;
			buildSettings = {
				CODE_SIGN_STYLE = Automatic;
				PRODUCT_NAME = "$(TARGET_NAME)";
			};
			name = Release;
		};
		CF91C39421B29B6400FDB98B /* Debug */ = {
			isa = XCBuildConfiguration;
			buildSettings = {
				CODE_SIGN_STYLE = Automatic;
				PRODUCT_NAME = "$(TARGET_NAME)";
			};
			name = Debug;
		};
		CF91C39521B29B6400FDB98B /* Release */ = {
			isa = XCBuildConfiguration;
			buildSettings = {
				CODE_SIGN_STYLE = Automatic;
				PRODUCT_NAME = "$(TARGET_NAME)";
			};
			name = Release;
		};
/* End XCBuildConfiguration section */

/* Begin XCConfigurationList section */
		CF480DFA21C4B198004E8EBF /* Build configuration list for PBXNativeTarget "ac-3" */ = {
			isa = XCConfigurationList;
			buildConfigurations = (
				CF480DF821C4B198004E8EBF /* Debug */,
				CF480DF921C4B198004E8EBF /* Release */,
			);
			defaultConfigurationIsVisible = 0;
			defaultConfigurationName = Release;
		};
		CF480E0521C63B82004E8EBF /* Build configuration list for PBXNativeTarget "ac-4" */ = {
			isa = XCConfigurationList;
			buildConfigurations = (
				CF480E0321C63B82004E8EBF /* Debug */,
				CF480E0421C63B82004E8EBF /* Release */,
			);
			defaultConfigurationIsVisible = 0;
			defaultConfigurationName = Release;
		};
		CF91C37C21B295F800FDB98B /* Build configuration list for PBXProject "ac-whuoj" */ = {
			isa = XCConfigurationList;
			buildConfigurations = (
				CF91C38621B295F800FDB98B /* Debug */,
				CF91C38721B295F800FDB98B /* Release */,
			);
			defaultConfigurationIsVisible = 0;
			defaultConfigurationName = Release;
		};
		CF91C38821B295F800FDB98B /* Build configuration list for PBXNativeTarget "ac-whuoj" */ = {
			isa = XCConfigurationList;
			buildConfigurations = (
				CF91C38921B295F800FDB98B /* Debug */,
				CF91C38A21B295F800FDB98B /* Release */,
			);
			defaultConfigurationIsVisible = 0;
			defaultConfigurationName = Release;
		};
		CF91C39321B29B6400FDB98B /* Build configuration list for PBXNativeTarget "ac-2" */ = {
			isa = XCConfigurationList;
			buildConfigurations = (
				CF91C39421B29B6400FDB98B /* Debug */,
				CF91C39521B29B6400FDB98B /* Release */,
			);
			defaultConfigurationIsVisible = 0;
			defaultConfigurationName = Release;
		};
/* End XCConfigurationList section */
	};
	rootObject = CF91C37921B295F800FDB98B /* Project object */;
}
